
Microsoft Visual Studio Solution File, Format Version 12.00
# Visual Studio Version 16
VisualStudioVersion = 16.0.31402.337
MinimumVisualStudioVersion = 10.0.40219.1
Project("{FAE04EC0-301F-11D3-BF4B-00C04F79EFBC}") = "EmployeeCrud", "EmployeeCrud.csproj", "{B24A63A0-E70B-4690-BF0F-08DD2545C94A}"
EndProject
Global
	GlobalSection(SolutionConfigurationPlatforms) = preSolution
		Debug|Any CPU = Debug|Any CPU
		Release|Any CPU = Release|Any CPU
	EndGlobalSection
	GlobalSection(ProjectConfigurationPlatforms) = postSolution
		{B24A63A0-E70B-4690-BF0F-08DD2545C94A}.Debug|Any CPU.ActiveCfg = Debug|Any CPU
		{B24A63A0-E70B-4690-BF0F-08DD2545C94A}.Debug|Any CPU.Build.0 = Debug|Any CPU
		{B24A63A0-E70B-4690-BF0F-08DD2545C94A}.Release|Any CPU.ActiveCfg = Release|Any CPU
		{B24A63A0-E70B-4690-BF0F-08DD2545C94A}.Release|Any CPU.Build.0 = Release|Any CPU
	EndGlobalSection
	GlobalSection(SolutionProperties) = preSolution
		HideSolutionNode = FALSE
	EndGlobalSection
	GlobalSection(ExtensibilityGlobals) = postSolution
		SolutionGuid = {E63E635E-489E-4475-B9D5-586910B38426}
	EndGlobalSection
EndGlobal
